// !$*UTF8*$!
{
	archiveVersion = 1;
	classes = {
	};
	objectVersion = 77;
	objects = {

/* Begin PBXBuildFile section */
		830745B2B03A77509A1AB064 /* PrivacyInfo.xcprivacy in Resources */ = {isa = PBXBuildFile; fileRef = 2F2A224E0890F82CEE9FCDA3 /* PrivacyInfo.xcprivacy */; };
		B03E03D4B52311D508241A5B /* ExpoModulesProvider.swift in Sources */ = {isa = PBXBuildFile; fileRef = 29971C9F4B71943D770BABAB /* ExpoModulesProvider.swift */; };
		E3DDBDA95740BC78ACA3CC08 /* libPods-VoucherScanner.a in Frameworks */ = {isa = PBXBuildFile; fileRef = 6300996C68D6FEA233CAC90F /* libPods-VoucherScanner.a */; };
/* End PBXBuildFile section */

/* Begin PBXFileReference section */
		1870105D2EC6209B006491BE /* VoucherScanner.app */ = {isa = PBXFileReference; explicitFileType = wrapper.application; includeInIndex = 0; path = VoucherScanner.app; sourceTree = BUILT_PRODUCTS_DIR; };
		187010812EC620FD006491BE /* Debug.xcconfig */ = {isa = PBXFileReference; lastKnownFileType = text.xcconfig; path = Debug.xcconfig; sourceTree = "<group>"; };
		187010822EC620FD006491BE /* Release.xcconfig */ = {isa = PBXFileReference; lastKnownFileType = text.xcconfig; path = Release.xcconfig; sourceTree = "<group>"; };
		29971C9F4B71943D770BABAB /* ExpoModulesProvider.swift */ = {isa = PBXFileReference; includeInIndex = 1; lastKnownFileType = sourcecode.swift; name = ExpoModulesProvider.swift; path = "Pods/Target Support Files/Pods-VoucherScanner/ExpoModulesProvider.swift"; sourceTree = "<group>"; };
		2F2A224E0890F82CEE9FCDA3 /* PrivacyInfo.xcprivacy */ = {isa = PBXFileReference; includeInIndex = 1; lastKnownFileType = text.xml; path = PrivacyInfo.xcprivacy; sourceTree = "<group>"; };
		57D0F5C877B9A5C4C2842D17 /* Pods-VoucherScanner.release.xcconfig */ = {isa = PBXFileReference; includeInIndex = 1; lastKnownFileType = text.xcconfig; name = "Pods-VoucherScanner.release.xcconfig"; path = "Target Support Files/Pods-VoucherScanner/Pods-VoucherScanner.release.xcconfig"; sourceTree = "<group>"; };
		6300996C68D6FEA233CAC90F /* libPods-VoucherScanner.a */ = {isa = PBXFileReference; explicitFileType = archive.ar; includeInIndex = 0; path = "libPods-VoucherScanner.a"; sourceTree = BUILT_PRODUCTS_DIR; };
		75FB2129FB0B7FEF0F4D7A96 /* Pods-VoucherScanner.debug.xcconfig */ = {isa = PBXFileReference; includeInIndex = 1; lastKnownFileType = text.xcconfig; name = "Pods-VoucherScanner.debug.xcconfig"; path = "Target Support Files/Pods-VoucherScanner/Pods-VoucherScanner.debug.xcconfig"; sourceTree = "<group>"; };
/* End PBXFileReference section */

/* Begin PBXFileSystemSynchronizedBuildFileExceptionSet section */
		187010982EC62479006491BE /* Exceptions for "VoucherScanner" folder in "VoucherScanner" target */ = {
			isa = PBXFileSystemSynchronizedBuildFileExceptionSet;
			membershipExceptions = (
				Supporting/Info.plist,
			);
			target = 1870105C2EC6209B006491BE /* VoucherScanner */;
		};
/* End PBXFileSystemSynchronizedBuildFileExceptionSet section */

/* Begin PBXFileSystemSynchronizedRootGroup section */
		1870105F2EC6209B006491BE /* VoucherScanner */ = {
			isa = PBXFileSystemSynchronizedRootGroup;
			exceptions = (
				187010982EC62479006491BE /* Exceptions for "VoucherScanner" folder in "VoucherScanner" target */,
			);
			path = VoucherScanner;
			sourceTree = "<group>";
		};
/* End PBXFileSystemSynchronizedRootGroup section */

/* Begin PBXFrameworksBuildPhase section */
		1870105A2EC6209B006491BE /* Frameworks */ = {
			isa = PBXFrameworksBuildPhase;
			buildActionMask = 2147483647;
			files = (
				E3DDBDA95740BC78ACA3CC08 /* libPods-VoucherScanner.a in Frameworks */,
			);
			runOnlyForDeploymentPostprocessing = 0;
		};
/* End PBXFrameworksBuildPhase section */

/* Begin PBXGroup section */
		187010542EC6209B006491BE = {
			isa = PBXGroup;
			children = (
				187010832EC620FD006491BE /* Configurations */,
				1870105F2EC6209B006491BE /* VoucherScanner */,
				1870105E2EC6209B006491BE /* Products */,
				2F2A224E0890F82CEE9FCDA3 /* PrivacyInfo.xcprivacy */,
				5BFA9329AF018FC29E3ACCDF /* Pods */,
				BF2E47D9B33A7BD3767D4F2D /* Frameworks */,
				5A97DE49552B9E19BAD4B9AA /* ExpoModulesProviders */,
			);
			sourceTree = "<group>";
		};
		1870105E2EC6209B006491BE /* Products */ = {
			isa = PBXGroup;
			children = (
				1870105D2EC6209B006491BE /* VoucherScanner.app */,
			);
			name = Products;
			sourceTree = "<group>";
		};
		187010832EC620FD006491BE /* Configurations */ = {
			isa = PBXGroup;
			children = (
				187010812EC620FD006491BE /* Debug.xcconfig */,
				187010822EC620FD006491BE /* Release.xcconfig */,
			);
			path = Configurations;
			sourceTree = "<group>";
		};
		34EE45535F68A229CF380B57 /* VoucherScanner */ = {
			isa = PBXGroup;
			children = (
				29971C9F4B71943D770BABAB /* ExpoModulesProvider.swift */,
			);
			name = VoucherScanner;
			sourceTree = "<group>";
		};
		5A97DE49552B9E19BAD4B9AA /* ExpoModulesProviders */ = {
			isa = PBXGroup;
			children = (
				34EE45535F68A229CF380B57 /* VoucherScanner */,
			);
			name = ExpoModulesProviders;
			sourceTree = "<group>";
		};
		5BFA9329AF018FC29E3ACCDF /* Pods */ = {
			isa = PBXGroup;
			children = (
				75FB2129FB0B7FEF0F4D7A96 /* Pods-VoucherScanner.debug.xcconfig */,
				57D0F5C877B9A5C4C2842D17 /* Pods-VoucherScanner.release.xcconfig */,
			);
			path = Pods;
			sourceTree = "<group>";
		};
		BF2E47D9B33A7BD3767D4F2D /* Frameworks */ = {
			isa = PBXGroup;
			children = (
				6300996C68D6FEA233CAC90F /* libPods-VoucherScanner.a */,
			);
			name = Frameworks;
			sourceTree = "<group>";
		};
/* End PBXGroup section */

/* Begin PBXNativeTarget section */
		1870105C2EC6209B006491BE /* VoucherScanner */ = {
			isa = PBXNativeTarget;
			buildConfigurationList = 187010682EC6209E006491BE /* Build configuration list for PBXNativeTarget "VoucherScanner" */;
			buildPhases = (
				AFC5731D67319A998A0309A5 /* [CP] Check Pods Manifest.lock */,
				5CD7FB4AC3E1475F2B44C092 /* [Expo] Configure project */,
				187010592EC6209B006491BE /* Sources */,
				1870105A2EC6209B006491BE /* Frameworks */,
				1870105B2EC6209B006491BE /* Resources */,
				1882292C2ED47177001CF2B5 /* Bundle React Native code and images */,
				B7843CD9E7F70BE7C9499662 /* [CP] Embed Pods Frameworks */,
				842F795187BF3FCBD789098F /* [CP] Copy Pods Resources */,
			);
			buildRules = (
			);
			dependencies = (
			);
			fileSystemSynchronizedGroups = (
				1870105F2EC6209B006491BE /* VoucherScanner */,
			);
			name = VoucherScanner;
			productName = VoucherScanner;
			productReference = 1870105D2EC6209B006491BE /* VoucherScanner.app */;
			productType = "com.apple.product-type.application";
		};
/* End PBXNativeTarget section */

/* Begin PBXProject section */
		187010552EC6209B006491BE /* Project object */ = {
			isa = PBXProject;
			attributes = {
				BuildIndependentTargetsInParallel = 1;
				LastSwiftUpdateCheck = 2600;
				LastUpgradeCheck = 2600;
				TargetAttributes = {
					1870105C2EC6209B006491BE = {
						CreatedOnToolsVersion = 26.0;
					};
				};
			};
			buildConfigurationList = 187010582EC6209B006491BE /* Build configuration list for PBXProject "VoucherScanner" */;
			developmentRegion = en;
			hasScannedForEncodings = 0;
			knownRegions = (
				en,
				Base,
			);
			mainGroup = 187010542EC6209B006491BE;
			minimizedProjectReferenceProxies = 1;
			preferredProjectObjectVersion = 77;
			productRefGroup = 1870105E2EC6209B006491BE /* Products */;
			projectDirPath = "";
			projectRoot = "";
			targets = (
				1870105C2EC6209B006491BE /* VoucherScanner */,
			);
		};
/* End PBXProject section */

/* Begin PBXResourcesBuildPhase section */
		1870105B2EC6209B006491BE /* Resources */ = {
			isa = PBXResourcesBuildPhase;
			buildActionMask = 2147483647;
			files = (
				830745B2B03A77509A1AB064 /* PrivacyInfo.xcprivacy in Resources */,
			);
			runOnlyForDeploymentPostprocessing = 0;
		};
/* End PBXResourcesBuildPhase section */

/* Begin PBXShellScriptBuildPhase section */
		1882292C2ED47177001CF2B5 /* Bundle React Native code and images */ = {
			isa = PBXShellScriptBuildPhase;
			buildActionMask = 2147483647;
			files = (
			);
			inputFileListPaths = (
			);
			inputPaths = (
			);
			name = "Bundle React Native code and images";
			outputFileListPaths = (
			);
			outputPaths = (
			);
			runOnlyForDeploymentPostprocessing = 0;
			shellPath = /bin/sh;
			shellScript = "if [[ -f \"$PODS_ROOT/../.xcode.env\" ]]; then\n  source \"$PODS_ROOT/../.xcode.env\"\nfi\nif [[ -f \"$PODS_ROOT/../.xcode.env.local\" ]]; then\n  source \"$PODS_ROOT/../.xcode.env.local\"\nfi\n\n# The project root by default is one level up from the ios directory\nexport PROJECT_ROOT=\"$PROJECT_DIR\"/ocr-expo\ncd \"$PROJECT_ROOT\"\nexport NODE_PATH=\"$PROJECT_ROOT/node_modules:${NODE_PATH:-}\"\n\necho \"Debug: Current directory: $(pwd)\"\necho \"Debug: Listing expo package:\"\nls -la node_modules/expo/package.json || echo \"Debug: expo package not found\"\n\nif [[ \"$CONFIGURATION\" = *Debug* ]]; then\n  export SKIP_BUNDLING=1\nfi\nif [[ -z \"$ENTRY_FILE\" ]]; then\n  # Set the entry JS file using the bundler's entry resolution.\n  export ENTRY_FILE=\"$(\"$NODE_BINARY\" -e \"require('expo/scripts/resolveAppEntry')\" \"$PROJECT_ROOT\" ios absolute | tail -n 1)\"\nfi\n\nif [[ -z \"$CLI_PATH\" ]]; then\n  # Use Expo CLI\n  export CLI_PATH=\"$(\"$NODE_BINARY\" --print \"require.resolve('@expo/cli')\")\"\nfi\nif [[ -z \"$BUNDLE_COMMAND\" ]]; then\n  # Default Expo CLI command for bundling\n  export BUNDLE_COMMAND=\"export:embed\"\nfi\n\n# Source .xcode.env.updates if it exists to allow\n# SKIP_BUNDLING to be unset if needed\nif [[ -f \"$PODS_ROOT/../.xcode.env.updates\" ]]; then\n  source \"$PODS_ROOT/../.xcode.env.updates\"\nfi\n# Source local changes to allow overrides\n# if needed\nif [[ -f \"$PODS_ROOT/../.xcode.env.local\" ]]; then\n  source \"$PODS_ROOT/../.xcode.env.local\"\nfi\n\n`\"$NODE_BINARY\" --print \"require('path').dirname(require.resolve('react-native/package.json')) + '/scripts/react-native-xcode.sh'\"`\n";
		};
		5CD7FB4AC3E1475F2B44C092 /* [Expo] Configure project */ = {
			isa = PBXShellScriptBuildPhase;
			alwaysOutOfDate = 1;
			buildActionMask = 2147483647;
			files = (
			);
			inputFileListPaths = (
			);
			inputPaths = (
				"$(SRCROOT)/.xcode.env",
				"$(SRCROOT)/.xcode.env.local",
				"$(SRCROOT)/Pods/Target Support Files/Pods-VoucherScanner/expo-configure-project.sh",
			);
			name = "[Expo] Configure project";
			outputFileListPaths = (
			);
			outputPaths = (
				"$(SRCROOT)/Pods/Target Support Files/Pods-VoucherScanner/ExpoModulesProvider.swift",
			);
			runOnlyForDeploymentPostprocessing = 0;
			shellPath = /bin/sh;
			shellScript = "export NODE_PATH=\"$PROJECT_DIR/ocr-expo/node_modules:${NODE_PATH:-}\"\n# This script configures Expo modules and generates the modules provider file.\nbash -l -c \"./Pods/Target\\ Support\\ Files/Pods-VoucherScanner/expo-configure-project.sh\"\n";
		};
		842F795187BF3FCBD789098F /* [CP] Copy Pods Resources */ = {
			isa = PBXShellScriptBuildPhase;
			buildActionMask = 2147483647;
			files = (
			);
			inputFileListPaths = (
				"${PODS_ROOT}/Target Support Files/Pods-VoucherScanner/Pods-VoucherScanner-resources-${CONFIGURATION}-input-files.xcfilelist",
			);
			inputPaths = (
			);
			name = "[CP] Copy Pods Resources";
			outputFileListPaths = (
				"${PODS_ROOT}/Target Support Files/Pods-VoucherScanner/Pods-VoucherScanner-resources-${CONFIGURATION}-output-files.xcfilelist",
			);
			outputPaths = (
			);
			runOnlyForDeploymentPostprocessing = 0;
			shellPath = /bin/sh;
			shellScript = "\"${PODS_ROOT}/Target Support Files/Pods-VoucherScanner/Pods-VoucherScanner-resources.sh\"\n";
			showEnvVarsInLog = 0;
		};
		AFC5731D67319A998A0309A5 /* [CP] Check Pods Manifest.lock */ = {
			isa = PBXShellScriptBuildPhase;
			buildActionMask = 2147483647;
			files = (
			);
			inputFileListPaths = (
			);
			inputPaths = (
				"${PODS_PODFILE_DIR_PATH}/Podfile.lock",
				"${PODS_ROOT}/Manifest.lock",
			);
			name = "[CP] Check Pods Manifest.lock";
			outputFileListPaths = (
			);
			outputPaths = (
				"$(DERIVED_FILE_DIR)/Pods-VoucherScanner-checkManifestLockResult.txt",
			);
			runOnlyForDeploymentPostprocessing = 0;
			shellPath = /bin/sh;
			shellScript = "diff \"${PODS_PODFILE_DIR_PATH}/Podfile.lock\" \"${PODS_ROOT}/Manifest.lock\" > /dev/null\nif [ $? != 0 ] ; then\n    # print error to STDERR\n    echo \"error: The sandbox is not in sync with the Podfile.lock. Run 'pod install' or update your CocoaPods installation.\" >&2\n    exit 1\nfi\n# This output is used by Xcode 'outputs' to avoid re-running this script phase.\necho \"SUCCESS\" > \"${SCRIPT_OUTPUT_FILE_0}\"\n";
			showEnvVarsInLog = 0;
		};
		B7843CD9E7F70BE7C9499662 /* [CP] Embed Pods Frameworks */ = {
			isa = PBXShellScriptBuildPhase;
			buildActionMask = 2147483647;
			files = (
			);
			inputFileListPaths = (
				"${PODS_ROOT}/Target Support Files/Pods-VoucherScanner/Pods-VoucherScanner-frameworks-${CONFIGURATION}-input-files.xcfilelist",
			);
			inputPaths = (
			);
			name = "[CP] Embed Pods Frameworks";
			outputFileListPaths = (
				"${PODS_ROOT}/Target Support Files/Pods-VoucherScanner/Pods-VoucherScanner-frameworks-${CONFIGURATION}-output-files.xcfilelist",
			);
			outputPaths = (
			);
			runOnlyForDeploymentPostprocessing = 0;
			shellPath = /bin/sh;
			shellScript = "\"${PODS_ROOT}/Target Support Files/Pods-VoucherScanner/Pods-VoucherScanner-frameworks.sh\"\n";
			showEnvVarsInLog = 0;
		};
/* End PBXShellScriptBuildPhase section */

/* Begin PBXSourcesBuildPhase section */
		187010592EC6209B006491BE /* Sources */ = {
			isa = PBXSourcesBuildPhase;
			buildActionMask = 2147483647;
			files = (
				B03E03D4B52311D508241A5B /* ExpoModulesProvider.swift in Sources */,
			);
			runOnlyForDeploymentPostprocessing = 0;
		};
/* End PBXSourcesBuildPhase section */

/* Begin XCBuildConfiguration section */
		187010662EC6209E006491BE /* Debug */ = {
			isa = XCBuildConfiguration;
			baseConfigurationReference = 187010812EC620FD006491BE /* Debug.xcconfig */;
			buildSettings = {
				ALWAYS_SEARCH_USER_PATHS = NO;
				ASSETCATALOG_COMPILER_GENERATE_SWIFT_ASSET_SYMBOL_EXTENSIONS = YES;
				CLANG_ANALYZER_NONNULL = YES;
				CLANG_ANALYZER_NUMBER_OBJECT_CONVERSION = YES_AGGRESSIVE;
				CLANG_CXX_LANGUAGE_STANDARD = "c++20";
				CLANG_ENABLE_MODULES = YES;
				CLANG_ENABLE_OBJC_ARC = YES;
				CLANG_ENABLE_OBJC_WEAK = YES;
				CLANG_WARN_BLOCK_CAPTURE_AUTORELEASING = YES;
				CLANG_WARN_BOOL_CONVERSION = YES;
				CLANG_WARN_COMMA = YES;
				CLANG_WARN_CONSTANT_CONVERSION = YES;
				CLANG_WARN_DEPRECATED_OBJC_IMPLEMENTATIONS = YES;
				CLANG_WARN_DIRECT_OBJC_ISA_USAGE = YES_ERROR;
				CLANG_WARN_DOCUMENTATION_COMMENTS = YES;
				CLANG_WARN_EMPTY_BODY = YES;
				CLANG_WARN_ENUM_CONVERSION = YES;
				CLANG_WARN_INFINITE_RECURSION = YES;
				CLANG_WARN_INT_CONVERSION = YES;
				CLANG_WARN_NON_LITERAL_NULL_CONVERSION = YES;
				CLANG_WARN_OBJC_IMPLICIT_RETAIN_SELF = YES;
				CLANG_WARN_OBJC_LITERAL_CONVERSION = YES;
				CLANG_WARN_OBJC_ROOT_CLASS = YES_ERROR;
				CLANG_WARN_QUOTED_INCLUDE_IN_FRAMEWORK_HEADER = YES;
				CLANG_WARN_RANGE_LOOP_ANALYSIS = YES;
				CLANG_WARN_STRICT_PROTOTYPES = YES;
				CLANG_WARN_SUSPICIOUS_MOVE = YES;
				CLANG_WARN_UNREACHABLE_CODE = YES;
				CLANG_WARN__DUPLICATE_METHOD_MATCH = YES;
				DEBUG_INFORMATION_FORMAT = dwarf;
				DEVELOPMENT_TEAM = MUNF9A7YWQ;
				ENABLE_STRICT_OBJC_MSGSEND = YES;
				ENABLE_TESTABILITY = YES;
				ENABLE_USER_SCRIPT_SANDBOXING = NO;
				GCC_C_LANGUAGE_STANDARD = gnu17;
				GCC_DYNAMIC_NO_PIC = NO;
				GCC_NO_COMMON_BLOCKS = YES;
				GCC_OPTIMIZATION_LEVEL = 0;
				GCC_PREPROCESSOR_DEFINITIONS = (
					"DEBUG=1",
					"$(inherited)",
				);
				GCC_WARN_64_TO_32_BIT_CONVERSION = YES;
				GCC_WARN_ABOUT_RETURN_TYPE = YES_ERROR;
				GCC_WARN_UNDECLARED_SELECTOR = YES;
				GCC_WARN_UNINITIALIZED_AUTOS = YES_AGGRESSIVE;
				GCC_WARN_UNUSED_FUNCTION = YES;
				GCC_WARN_UNUSED_VARIABLE = YES;
				LOCALIZATION_PREFERS_STRING_CATALOGS = YES;
				MTL_ENABLE_DEBUG_INFO = INCLUDE_SOURCE;
				MTL_FAST_MATH = YES;
				ONLY_ACTIVE_ARCH = YES;
				REACT_NATIVE_PATH = "${PODS_ROOT}/../ocr-expo/node_modules/react-native";
				SDKROOT = iphoneos;
				SWIFT_ACTIVE_COMPILATION_CONDITIONS = "$(inherited) DEBUG";
				SWIFT_OPTIMIZATION_LEVEL = "-Onone";
				USE_HERMES = true;
			};
			name = Debug;
		};
		187010672EC6209E006491BE /* Release */ = {
			isa = XCBuildConfiguration;
			baseConfigurationReference = 187010822EC620FD006491BE /* Release.xcconfig */;
			buildSettings = {
				ALWAYS_SEARCH_USER_PATHS = NO;
				ASSETCATALOG_COMPILER_GENERATE_SWIFT_ASSET_SYMBOL_EXTENSIONS = YES;
				CLANG_ANALYZER_NONNULL = YES;
				CLANG_ANALYZER_NUMBER_OBJECT_CONVERSION = YES_AGGRESSIVE;
				CLANG_CXX_LANGUAGE_STANDARD = "c++20";
				CLANG_ENABLE_MODULES = YES;
				CLANG_ENABLE_OBJC_ARC = YES;
				CLANG_ENABLE_OBJC_WEAK = YES;
				CLANG_WARN_BLOCK_CAPTURE_AUTORELEASING = YES;
				CLANG_WARN_BOOL_CONVERSION = YES;
				CLANG_WARN_COMMA = YES;
				CLANG_WARN_CONSTANT_CONVERSION = YES;
				CLANG_WARN_DEPRECATED_OBJC_IMPLEMENTATIONS = YES;
				CLANG_WARN_DIRECT_OBJC_ISA_USAGE = YES_ERROR;
				CLANG_WARN_DOCUMENTATION_COMMENTS = YES;
				CLANG_WARN_EMPTY_BODY = YES;
				CLANG_WARN_ENUM_CONVERSION = YES;
				CLANG_WARN_INFINITE_RECURSION = YES;
				CLANG_WARN_INT_CONVERSION = YES;
				CLANG_WARN_NON_LITERAL_NULL_CONVERSION = YES;
				CLANG_WARN_OBJC_IMPLICIT_RETAIN_SELF = YES;
				CLANG_WARN_OBJC_LITERAL_CONVERSION = YES;
				CLANG_WARN_OBJC_ROOT_CLASS = YES_ERROR;
				CLANG_WARN_QUOTED_INCLUDE_IN_FRAMEWORK_HEADER = YES;
				CLANG_WARN_RANGE_LOOP_ANALYSIS = YES;
				CLANG_WARN_STRICT_PROTOTYPES = YES;
				CLANG_WARN_SUSPICIOUS_MOVE = YES;
				CLANG_WARN_UNREACHABLE_CODE = YES;
				CLANG_WARN__DUPLICATE_METHOD_MATCH = YES;
				DEBUG_INFORMATION_FORMAT = "dwarf-with-dsym";
				DEVELOPMENT_TEAM = MUNF9A7YWQ;
				ENABLE_NS_ASSERTIONS = NO;
				ENABLE_STRICT_OBJC_MSGSEND = YES;
				ENABLE_USER_SCRIPT_SANDBOXING = NO;
				GCC_C_LANGUAGE_STANDARD = gnu17;
				GCC_NO_COMMON_BLOCKS = YES;
				GCC_WARN_64_TO_32_BIT_CONVERSION = YES;
				GCC_WARN_ABOUT_RETURN_TYPE = YES_ERROR;
				GCC_WARN_UNDECLARED_SELECTOR = YES;
				GCC_WARN_UNINITIALIZED_AUTOS = YES_AGGRESSIVE;
				GCC_WARN_UNUSED_FUNCTION = YES;
				GCC_WARN_UNUSED_VARIABLE = YES;
				LOCALIZATION_PREFERS_STRING_CATALOGS = YES;
				MTL_ENABLE_DEBUG_INFO = NO;
				MTL_FAST_MATH = YES;
				REACT_NATIVE_PATH = "${PODS_ROOT}/../ocr-expo/node_modules/react-native";
				SDKROOT = iphoneos;
				SWIFT_COMPILATION_MODE = wholemodule;
				USE_HERMES = true;
				VALIDATE_PRODUCT = YES;
			};
			name = Release;
		};
		187010692EC6209E006491BE /* Debug */ = {
			isa = XCBuildConfiguration;
			baseConfigurationReference = 75FB2129FB0B7FEF0F4D7A96 /* Pods-VoucherScanner.debug.xcconfig */;
			buildSettings = {
				IPHONEOS_DEPLOYMENT_TARGET = 15.1;
				OTHER_SWIFT_FLAGS = "$(inherited) -D EXPO_CONFIGURATION_DEBUG";
			};
			name = Debug;
		};
		1870106A2EC6209E006491BE /* Release */ = {
			isa = XCBuildConfiguration;
			baseConfigurationReference = 57D0F5C877B9A5C4C2842D17 /* Pods-VoucherScanner.release.xcconfig */;
			buildSettings = {
				IPHONEOS_DEPLOYMENT_TARGET = 14.0;
				OTHER_SWIFT_FLAGS = "$(inherited) -D EXPO_CONFIGURATION_RELEASE";
			};
			name = Release;
		};
/* End XCBuildConfiguration section */

/* Begin XCConfigurationList section */
		187010582EC6209B006491BE /* Build configuration list for PBXProject "VoucherScanner" */ = {
			isa = XCConfigurationList;
			buildConfigurations = (
				187010662EC6209E006491BE /* Debug */,
				187010672EC6209E006491BE /* Release */,
			);
			defaultConfigurationIsVisible = 0;
			defaultConfigurationName = Release;
		};
		187010682EC6209E006491BE /* Build configuration list for PBXNativeTarget "VoucherScanner" */ = {
			isa = XCConfigurationList;
			buildConfigurations = (
				187010692EC6209E006491BE /* Debug */,
				1870106A2EC6209E006491BE /* Release */,
			);
			defaultConfigurationIsVisible = 0;
			defaultConfigurationName = Release;
		};
/* End XCConfigurationList section */
	};
	rootObject = 187010552EC6209B006491BE /* Project object */;
}
